# @generated - this file is auto-generated by `mise lock` https://mise.jdx.dev/dev-tools/mise-lock.html

[[tools.actionlint]]
version = "1.7.11"
backend = "aqua:rhysd/actionlint"

[[tools.pre-commit]]
version = "4.5.1"
backend = "aqua:pre-commit/pre-commit"

[[tools.python]]
version = "3.13.12"
backend = "core:python"

[[tools.uv]]
version = "0.11.1"
backend = "aqua:astral-sh/uv"
