[[tools.pre-commit]]
version = "4.3.0"
backend = "aqua:pre-commit/pre-commit"

[tools.pre-commit.platforms.linux-x64]
checksum = "sha256:f1d50b97e9ca9167aceb76c14e90b07cde8b6789bc199d5005cfd817a718878c"
size = 8268268
url = "https://github.com/pre-commit/pre-commit/releases/download/v4.3.0/pre-commit-4.3.0.pyz"

[[tools.python]]
version = "3.13.9"
backend = "core:python"

[[tools.uv]]
version = "0.9.7"
backend = "aqua:astral-sh/uv"

[tools.uv.platforms.linux-x64]
checksum = "sha256:611d1e4d340c6b78519891d37d512c184f58b5424aebecdbd983585ff659ff16"
size = 21645895
url = "https://github.com/astral-sh/uv/releases/download/0.9.7/uv-x86_64-unknown-linux-musl.tar.gz"
