[[tools.actionlint]]
version = "1.7.10"
backend = "aqua:rhysd/actionlint"
"platforms.linux-x64" = { checksum = "sha256:f4c76b71db5755a713e6055cbb0857ed07e103e028bda117817660ebadb4386f", url = "https://github.com/rhysd/actionlint/releases/download/v1.7.10/actionlint_1.7.10_linux_amd64.tar.gz"}

[[tools.pre-commit]]
version = "4.5.1"
backend = "aqua:pre-commit/pre-commit"
"platforms.linux-x64" = { checksum = "sha256:19d00ba35cbf9c04dc3736cd8bb641e8633f3eddd4cedde71809574ae68a2cd1", url = "https://github.com/pre-commit/pre-commit/releases/download/v4.5.1/pre-commit-4.5.1.pyz"}

[[tools.python]]
version = "3.13.12"
backend = "core:python"

[[tools.uv]]
version = "0.10.2"
backend = "aqua:astral-sh/uv"
"platforms.linux-x64" = { checksum = "sha256:c162182ba7dd692794362d76dd183990d6e51553217954106da19bdb6ced211b", url = "https://github.com/astral-sh/uv/releases/download/0.10.2/uv-x86_64-unknown-linux-musl.tar.gz"}
